
Microsoft Visual Studio Solution File, Format Version 12.00
# Visual Studio Version 16
VisualStudioVersion = 16.0.30611.23
MinimumVisualStudioVersion = 10.0.40219.1
Project("{FAE04EC0-301F-11D3-BF4B-00C04F79EFBC}") = "ActividadesUT2_3", "ActividadesUT2_3\ActividadesUT2_3.csproj", "{DAE5ABB6-534C-42A3-B99E-977DB8F08B42}"
EndProject
Global
	GlobalSection(SolutionConfigurationPlatforms) = preSolution
		Debug|Any CPU = Debug|Any CPU
		Release|Any CPU = Release|Any CPU
	EndGlobalSection
	GlobalSection(ProjectConfigurationPlatforms) = postSolution
		{DAE5ABB6-534C-42A3-B99E-977DB8F08B42}.Debug|Any CPU.ActiveCfg = Debug|Any CPU
		{DAE5ABB6-534C-42A3-B99E-977DB8F08B42}.Debug|Any CPU.Build.0 = Debug|Any CPU
		{DAE5ABB6-534C-42A3-B99E-977DB8F08B42}.Release|Any CPU.ActiveCfg = Release|Any CPU
		{DAE5ABB6-534C-42A3-B99E-977DB8F08B42}.Release|Any CPU.Build.0 = Release|Any CPU
	EndGlobalSection
	GlobalSection(SolutionProperties) = preSolution
		HideSolutionNode = FALSE
	EndGlobalSection
	GlobalSection(ExtensibilityGlobals) = postSolution
		SolutionGuid = {0BC53A7E-B80C-4D96-B510-BCCD19F1B215}
	EndGlobalSection
EndGlobal
